
Microsoft Visual Studio Solution File, Format Version 12.00
# Visual Studio Version 17
VisualStudioVersion = 17.11.35312.102
MinimumVisualStudioVersion = 10.0.40219.1
Project("{FAE04EC0-301F-11D3-BF4B-00C04F79EFBC}") = "ControleGastosResidenciais.Api", "ControleGastosResidenciais.Api\ControleGastosResidenciais.Api.csproj", "{4BFA4C86-30C5-46DC-B74E-ACF03A85AE25}"
EndProject
Project("{2150E333-8FDC-42A3-9474-1A3956D46DE8}") = "src", "src", "{91796B18-EF84-422A-9A38-811E5C10D7D2}"
EndProject
Project("{FAE04EC0-301F-11D3-BF4B-00C04F79EFBC}") = "ControleGastosResidenciais.Application", "ControleGastosResidenciais.Application\ControleGastosResidenciais.Application.csproj", "{02AA66B1-3228-48C0-89BA-5D85DE006568}"
EndProject
Project("{FAE04EC0-301F-11D3-BF4B-00C04F79EFBC}") = "ControleGastosResidenciais.Domain", "ControleGastosResidenciais.Domain\ControleGastosResidenciais.Domain.csproj", "{F9C040A4-883E-4313-A69B-EA58FEACE25B}"
EndProject
Project("{FAE04EC0-301F-11D3-BF4B-00C04F79EFBC}") = "ControleGastosResidenciais.Infrastructure", "ControleGastosResidenciais.Infrastructure\ControleGastosResidenciais.Infrastructure.csproj", "{D6B5BF1E-B027-429D-879E-6055B4BEC0D2}"
EndProject
Global
	GlobalSection(SolutionConfigurationPlatforms) = preSolution
		Debug|Any CPU = Debug|Any CPU
		Release|Any CPU = Release|Any CPU
	EndGlobalSection
	GlobalSection(ProjectConfigurationPlatforms) = postSolution
		{4BFA4C86-30C5-46DC-B74E-ACF03A85AE25}.Debug|Any CPU.ActiveCfg = Debug|Any CPU
		{4BFA4C86-30C5-46DC-B74E-ACF03A85AE25}.Debug|Any CPU.Build.0 = Debug|Any CPU
		{4BFA4C86-30C5-46DC-B74E-ACF03A85AE25}.Release|Any CPU.ActiveCfg = Release|Any CPU
		{4BFA4C86-30C5-46DC-B74E-ACF03A85AE25}.Release|Any CPU.Build.0 = Release|Any CPU
		{02AA66B1-3228-48C0-89BA-5D85DE006568}.Debug|Any CPU.ActiveCfg = Debug|Any CPU
		{02AA66B1-3228-48C0-89BA-5D85DE006568}.Debug|Any CPU.Build.0 = Debug|Any CPU
		{02AA66B1-3228-48C0-89BA-5D85DE006568}.Release|Any CPU.ActiveCfg = Release|Any CPU
		{02AA66B1-3228-48C0-89BA-5D85DE006568}.Release|Any CPU.Build.0 = Release|Any CPU
		{F9C040A4-883E-4313-A69B-EA58FEACE25B}.Debug|Any CPU.ActiveCfg = Debug|Any CPU
		{F9C040A4-883E-4313-A69B-EA58FEACE25B}.Debug|Any CPU.Build.0 = Debug|Any CPU
		{F9C040A4-883E-4313-A69B-EA58FEACE25B}.Release|Any CPU.ActiveCfg = Release|Any CPU
		{F9C040A4-883E-4313-A69B-EA58FEACE25B}.Release|Any CPU.Build.0 = Release|Any CPU
		{D6B5BF1E-B027-429D-879E-6055B4BEC0D2}.Debug|Any CPU.ActiveCfg = Debug|Any CPU
		{D6B5BF1E-B027-429D-879E-6055B4BEC0D2}.Debug|Any CPU.Build.0 = Debug|Any CPU
		{D6B5BF1E-B027-429D-879E-6055B4BEC0D2}.Release|Any CPU.ActiveCfg = Release|Any CPU
		{D6B5BF1E-B027-429D-879E-6055B4BEC0D2}.Release|Any CPU.Build.0 = Release|Any CPU
	EndGlobalSection
	GlobalSection(SolutionProperties) = preSolution
		HideSolutionNode = FALSE
	EndGlobalSection
	GlobalSection(NestedProjects) = preSolution
		{4BFA4C86-30C5-46DC-B74E-ACF03A85AE25} = {91796B18-EF84-422A-9A38-811E5C10D7D2}
		{02AA66B1-3228-48C0-89BA-5D85DE006568} = {91796B18-EF84-422A-9A38-811E5C10D7D2}
		{F9C040A4-883E-4313-A69B-EA58FEACE25B} = {91796B18-EF84-422A-9A38-811E5C10D7D2}
		{D6B5BF1E-B027-429D-879E-6055B4BEC0D2} = {91796B18-EF84-422A-9A38-811E5C10D7D2}
	EndGlobalSection
	GlobalSection(ExtensibilityGlobals) = postSolution
		SolutionGuid = {8C10C01C-1AC6-473F-B2B6-AD9735B48A98}
	EndGlobalSection
EndGlobal
